# This file was autogenerated by Stack.
# You should not edit this file by hand.
# For more information, please see the documentation at:
#   https://docs.haskellstack.org/en/stable/lock_files

packages:
- completed:
    name: chiphunk
    version: 0.1.4.0
    git: https://github.com/gdeest/Chiphunk.git
    pantry-tree:
      size: 6784
      sha256: b25ddac2b416a1180351d9dc46642e67819679ca1d437a146f9609c97710b002
    commit: e85e6c80c9ef77e2000d716b39e041f1988adbf0
  original:
    git: https://github.com/gdeest/Chiphunk.git
    commit: e85e6c80c9ef77e2000d716b39e041f1988adbf0
snapshots:
- completed:
    size: 567679
    url: https://raw.githubusercontent.com/commercialhaskell/stackage-snapshots/master/lts/17/15.yaml
    sha256: 72e87841a0ab5b72f6f018e8ee692fd972b7bb32a944990f028e10d6eb528e63
  original: lts-17.15
