# This file was autogenerated by Stack.
# You should not edit this file by hand.
# For more information, please see the documentation at:
#   https://docs.haskellstack.org/en/stable/lock_files

packages: []
snapshots:
- completed:
    size: 533913
    url: https://raw.githubusercontent.com/commercialhaskell/stackage-snapshots/master/lts/16/30.yaml
    sha256: 3ef84db274d6ec27f49fa611f0afdb347ff9e70cb7c861c93d11c6cdc33827f4
  original: lts-16.30
